
Microsoft Visual Studio Solution File, Format Version 12.00
# Visual Studio Version 16
VisualStudioVersion = 16.0.33214.272
MinimumVisualStudioVersion = 10.0.40219.1
Project("{9A19103F-16F7-4668-BE54-9A1E7A4F7556}") = "WarehousingService", "WarehousingService\WarehousingService.csproj", "{EB7A75DF-5ABC-4726-8F1D-B388960ADB94}"
EndProject
Project("{9A19103F-16F7-4668-BE54-9A1E7A4F7556}") = "WarehousingService.Tests", "WarehousingService.Tests\WarehousingService.Tests.csproj", "{98BB34A0-AF28-464D-8A7B-F7913C7A95F7}"
EndProject
Project("{2150E333-8FDC-42A3-9474-1A3956D46DE8}") = "Solution Items", "Solution Items", "{71A9987B-3008-4982-8BB5-BBABC4554B51}"
	ProjectSection(SolutionItems) = preProject
		README.md = README.md
	EndProjectSection
EndProject
Global
	GlobalSection(SolutionConfigurationPlatforms) = preSolution
		Debug|Any CPU = Debug|Any CPU
		Release|Any CPU = Release|Any CPU
	EndGlobalSection
	GlobalSection(ProjectConfigurationPlatforms) = postSolution
		{EB7A75DF-5ABC-4726-8F1D-B388960ADB94}.Debug|Any CPU.ActiveCfg = Debug|Any CPU
		{EB7A75DF-5ABC-4726-8F1D-B388960ADB94}.Debug|Any CPU.Build.0 = Debug|Any CPU
		{EB7A75DF-5ABC-4726-8F1D-B388960ADB94}.Release|Any CPU.ActiveCfg = Release|Any CPU
		{EB7A75DF-5ABC-4726-8F1D-B388960ADB94}.Release|Any CPU.Build.0 = Release|Any CPU
		{98BB34A0-AF28-464D-8A7B-F7913C7A95F7}.Debug|Any CPU.ActiveCfg = Debug|Any CPU
		{98BB34A0-AF28-464D-8A7B-F7913C7A95F7}.Debug|Any CPU.Build.0 = Debug|Any CPU
		{98BB34A0-AF28-464D-8A7B-F7913C7A95F7}.Release|Any CPU.ActiveCfg = Release|Any CPU
		{98BB34A0-AF28-464D-8A7B-F7913C7A95F7}.Release|Any CPU.Build.0 = Release|Any CPU
	EndGlobalSection
	GlobalSection(SolutionProperties) = preSolution
		HideSolutionNode = FALSE
	EndGlobalSection
	GlobalSection(ExtensibilityGlobals) = postSolution
		SolutionGuid = {792534DA-247D-412E-91C4-5E4BF687ADDD}
	EndGlobalSection
EndGlobal
